
Microsoft Visual Studio Solution File, Format Version 12.00
# Visual Studio 2012
Project("{CC5FD16D-436D-48AD-A40C-5A424C6E3E79}") = "WindowsAzure1", "WindowsAzure1\WindowsAzure1.ccproj", "{79077FA1-87BE-4D54-BF51-F4C04716708C}"
EndProject
Project("{FAE04EC0-301F-11D3-BF4B-00C04F79EFBC}") = "WCFServiceWebRole1", "WCFServiceWebRole1\WCFServiceWebRole1.csproj", "{45BB5A50-D57E-422D-B1B3-5E639B3147BC}"
EndProject
Global
	GlobalSection(SolutionConfigurationPlatforms) = preSolution
		Debug|Any CPU = Debug|Any CPU
		Release|Any CPU = Release|Any CPU
	EndGlobalSection
	GlobalSection(ProjectConfigurationPlatforms) = postSolution
		{79077FA1-87BE-4D54-BF51-F4C04716708C}.Debug|Any CPU.ActiveCfg = Debug|Any CPU
		{79077FA1-87BE-4D54-BF51-F4C04716708C}.Debug|Any CPU.Build.0 = Debug|Any CPU
		{79077FA1-87BE-4D54-BF51-F4C04716708C}.Release|Any CPU.ActiveCfg = Release|Any CPU
		{79077FA1-87BE-4D54-BF51-F4C04716708C}.Release|Any CPU.Build.0 = Release|Any CPU
		{45BB5A50-D57E-422D-B1B3-5E639B3147BC}.Debug|Any CPU.ActiveCfg = Debug|Any CPU
		{45BB5A50-D57E-422D-B1B3-5E639B3147BC}.Debug|Any CPU.Build.0 = Debug|Any CPU
		{45BB5A50-D57E-422D-B1B3-5E639B3147BC}.Release|Any CPU.ActiveCfg = Release|Any CPU
		{45BB5A50-D57E-422D-B1B3-5E639B3147BC}.Release|Any CPU.Build.0 = Release|Any CPU
	EndGlobalSection
	GlobalSection(SolutionProperties) = preSolution
		HideSolutionNode = FALSE
	EndGlobalSection
EndGlobal
